
Microsoft Visual Studio Solution File, Format Version 9.00
# Visual Studio 2005
Project("{FAE04EC0-301F-11D3-BF4B-00C04F79EFBC}") = "CS2.Model", "CS2.Model\CS2.Model.csproj", "{6F466847-ADC4-4218-8AFC-FBC70B2D3A09}"
EndProject
Project("{FAE04EC0-301F-11D3-BF4B-00C04F79EFBC}") = "CS2.Services", "CS2.Services\CS2.Services.csproj", "{14E25989-745F-4FCF-BB25-145FDA0CC4DF}"
EndProject
Project("{FAE04EC0-301F-11D3-BF4B-00C04F79EFBC}") = "CS2.Tests", "CS2.Tests\CS2.Tests.csproj", "{C9FC8F32-673E-480B-8167-2ACD2F528C21}"
EndProject
Project("{FAE04EC0-301F-11D3-BF4B-00C04F79EFBC}") = "CS2.Console", "CS2.Console\CS2.Console.csproj", "{B9AB3543-9136-4787-A390-5EC8B164C100}"
EndProject
Global
	GlobalSection(SolutionConfigurationPlatforms) = preSolution
		Debug|Any CPU = Debug|Any CPU
		Release|Any CPU = Release|Any CPU
	EndGlobalSection
	GlobalSection(ProjectConfigurationPlatforms) = postSolution
		{6F466847-ADC4-4218-8AFC-FBC70B2D3A09}.Debug|Any CPU.ActiveCfg = Debug|Any CPU
		{6F466847-ADC4-4218-8AFC-FBC70B2D3A09}.Debug|Any CPU.Build.0 = Debug|Any CPU
		{6F466847-ADC4-4218-8AFC-FBC70B2D3A09}.Release|Any CPU.ActiveCfg = Release|Any CPU
		{6F466847-ADC4-4218-8AFC-FBC70B2D3A09}.Release|Any CPU.Build.0 = Release|Any CPU
		{14E25989-745F-4FCF-BB25-145FDA0CC4DF}.Debug|Any CPU.ActiveCfg = Debug|Any CPU
		{14E25989-745F-4FCF-BB25-145FDA0CC4DF}.Debug|Any CPU.Build.0 = Debug|Any CPU
		{14E25989-745F-4FCF-BB25-145FDA0CC4DF}.Release|Any CPU.ActiveCfg = Release|Any CPU
		{14E25989-745F-4FCF-BB25-145FDA0CC4DF}.Release|Any CPU.Build.0 = Release|Any CPU
		{C9FC8F32-673E-480B-8167-2ACD2F528C21}.Debug|Any CPU.ActiveCfg = Debug|Any CPU
		{C9FC8F32-673E-480B-8167-2ACD2F528C21}.Debug|Any CPU.Build.0 = Debug|Any CPU
		{C9FC8F32-673E-480B-8167-2ACD2F528C21}.Release|Any CPU.ActiveCfg = Release|Any CPU
		{C9FC8F32-673E-480B-8167-2ACD2F528C21}.Release|Any CPU.Build.0 = Release|Any CPU
		{B9AB3543-9136-4787-A390-5EC8B164C100}.Debug|Any CPU.ActiveCfg = Debug|Any CPU
		{B9AB3543-9136-4787-A390-5EC8B164C100}.Debug|Any CPU.Build.0 = Debug|Any CPU
		{B9AB3543-9136-4787-A390-5EC8B164C100}.Release|Any CPU.ActiveCfg = Release|Any CPU
		{B9AB3543-9136-4787-A390-5EC8B164C100}.Release|Any CPU.Build.0 = Release|Any CPU
	EndGlobalSection
	GlobalSection(SolutionProperties) = preSolution
		HideSolutionNode = FALSE
	EndGlobalSection
EndGlobal
